
Microsoft Visual Studio Solution File, Format Version 12.00
# Visual Studio 14
VisualStudioVersion = 14.0.25420.1
MinimumVisualStudioVersion = 10.0.40219.1
Project("{FAE04EC0-301F-11D3-BF4B-00C04F79EFBC}") = "P2-Uppgift1_hugo_hjälte", "P2-Uppgift1_hugo_hjälte.csproj", "{438411F6-A2C5-4DC7-8A78-6B4E9114DCA2}"
EndProject
Global
	GlobalSection(SolutionConfigurationPlatforms) = preSolution
		Debug|Any CPU = Debug|Any CPU
		Release|Any CPU = Release|Any CPU
	EndGlobalSection
	GlobalSection(ProjectConfigurationPlatforms) = postSolution
		{438411F6-A2C5-4DC7-8A78-6B4E9114DCA2}.Debug|Any CPU.ActiveCfg = Debug|Any CPU
		{438411F6-A2C5-4DC7-8A78-6B4E9114DCA2}.Debug|Any CPU.Build.0 = Debug|Any CPU
		{438411F6-A2C5-4DC7-8A78-6B4E9114DCA2}.Release|Any CPU.ActiveCfg = Release|Any CPU
		{438411F6-A2C5-4DC7-8A78-6B4E9114DCA2}.Release|Any CPU.Build.0 = Release|Any CPU
	EndGlobalSection
	GlobalSection(SolutionProperties) = preSolution
		HideSolutionNode = FALSE
	EndGlobalSection
EndGlobal
